
Microsoft Visual Studio Solution File, Format Version 12.00
# Visual Studio Version 16
VisualStudioVersion = 16.0.30204.135
MinimumVisualStudioVersion = 10.0.40219.1
Project("{FAE04EC0-301F-11D3-BF4B-00C04F79EFBC}") = "Tdd", "Tdd\Tdd.csproj", "{CDDBBF1B-0EA3-4706-B29C-DC2F7C1FDABB}"
EndProject
Project("{FAE04EC0-301F-11D3-BF4B-00C04F79EFBC}") = "Tests", "Tests\Tests.csproj", "{46629B20-CD05-4490-BD75-FEBDDFD238C0}"
EndProject
Global
	GlobalSection(SolutionConfigurationPlatforms) = preSolution
		Debug|Any CPU = Debug|Any CPU
		Release|Any CPU = Release|Any CPU
	EndGlobalSection
	GlobalSection(ProjectConfigurationPlatforms) = postSolution
		{CDDBBF1B-0EA3-4706-B29C-DC2F7C1FDABB}.Debug|Any CPU.ActiveCfg = Debug|Any CPU
		{CDDBBF1B-0EA3-4706-B29C-DC2F7C1FDABB}.Debug|Any CPU.Build.0 = Debug|Any CPU
		{CDDBBF1B-0EA3-4706-B29C-DC2F7C1FDABB}.Release|Any CPU.ActiveCfg = Release|Any CPU
		{CDDBBF1B-0EA3-4706-B29C-DC2F7C1FDABB}.Release|Any CPU.Build.0 = Release|Any CPU
		{46629B20-CD05-4490-BD75-FEBDDFD238C0}.Debug|Any CPU.ActiveCfg = Debug|Any CPU
		{46629B20-CD05-4490-BD75-FEBDDFD238C0}.Debug|Any CPU.Build.0 = Debug|Any CPU
		{46629B20-CD05-4490-BD75-FEBDDFD238C0}.Release|Any CPU.ActiveCfg = Release|Any CPU
		{46629B20-CD05-4490-BD75-FEBDDFD238C0}.Release|Any CPU.Build.0 = Release|Any CPU
	EndGlobalSection
	GlobalSection(SolutionProperties) = preSolution
		HideSolutionNode = FALSE
	EndGlobalSection
	GlobalSection(ExtensibilityGlobals) = postSolution
		SolutionGuid = {CF794882-E57A-41CD-B8CF-534FECD34223}
	EndGlobalSection
EndGlobal
